{
  "version": "5",
  "specifiers": {
    "npm:aws4fetch@1.0.20": "1.0.20",
    "npm:postgres@3.4.4": "3.4.4"
  },
  "npm": {
    "aws4fetch@1.0.20": {
      "integrity": "sha512-/djoAN709iY65ETD6LKCtyyEI04XIBP5xVvfmNxsEP0uJB5tyaGBztSryRr4HqMStr9R06PisQE7m9zDTXKu6g=="
    },
    "postgres@3.4.4": {
      "integrity": "sha512-IbyN+9KslkqcXa8AO9fxpk97PA4pzewvpi2B3Dwy9u4zpV32QicaEdgmF3eSQUzdRk7ttDHQejNgAEr4XoeH4A=="
    }
  },
  "workspace": {
    "dependencies": [
      "npm:aws4fetch@1.0.20",
      "npm:postgres@3.4.4"
    ]
  }
}
