{
  "version": "5",
  "specifiers": {
    "npm:aws4fetch@1.0.20": "1.0.20",
    "npm:postgres@3.4.7": "3.4.7"
  },
  "npm": {
    "aws4fetch@1.0.20": {
      "integrity": "sha512-/djoAN709iY65ETD6LKCtyyEI04XIBP5xVvfmNxsEP0uJB5tyaGBztSryRr4HqMStr9R06PisQE7m9zDTXKu6g=="
    },
    "postgres@3.4.7": {
      "integrity": "sha512-Jtc2612XINuBjIl/QTWsV5UvE8UHuNblcO3vVADSrKsrc6RqGX6lOW1cEo3CM2v0XG4Nat8nI+YM7/f26VxXLw=="
    }
  },
  "workspace": {
    "dependencies": [
      "npm:aws4fetch@1.0.20",
      "npm:postgres@3.4.7"
    ]
  }
}
